
Microsoft Visual Studio Solution File, Format Version 12.00
# Visual Studio 15
VisualStudioVersion = 15.0.28307.168
MinimumVisualStudioVersion = 10.0.40219.1
Project("{FAE04EC0-301F-11D3-BF4B-00C04F79EFBC}") = "DRYModelValidation", "DRYModelValidation\DRYModelValidation.csproj", "{4F1B0C47-3DB9-4589-9AD3-EB7C95540AA4}"
EndProject
Global
	GlobalSection(SolutionConfigurationPlatforms) = preSolution
		Debug|Any CPU = Debug|Any CPU
		Release|Any CPU = Release|Any CPU
	EndGlobalSection
	GlobalSection(ProjectConfigurationPlatforms) = postSolution
		{4F1B0C47-3DB9-4589-9AD3-EB7C95540AA4}.Debug|Any CPU.ActiveCfg = Debug|Any CPU
		{4F1B0C47-3DB9-4589-9AD3-EB7C95540AA4}.Debug|Any CPU.Build.0 = Debug|Any CPU
		{4F1B0C47-3DB9-4589-9AD3-EB7C95540AA4}.Release|Any CPU.ActiveCfg = Release|Any CPU
		{4F1B0C47-3DB9-4589-9AD3-EB7C95540AA4}.Release|Any CPU.Build.0 = Release|Any CPU
	EndGlobalSection
	GlobalSection(SolutionProperties) = preSolution
		HideSolutionNode = FALSE
	EndGlobalSection
	GlobalSection(ExtensibilityGlobals) = postSolution
		SolutionGuid = {5CE8AB47-BF05-4474-B575-303A82EE35DF}
	EndGlobalSection
EndGlobal
